
Microsoft Visual Studio Solution File, Format Version 12.00
# Visual Studio Version 17
VisualStudioVersion = 17.9.34607.119
MinimumVisualStudioVersion = 10.0.40219.1
Project("{FAE04EC0-301F-11D3-BF4B-00C04F79EFBC}") = "Business", "Business\Business.csproj", "{73853238-2425-40AB-BE07-064C6065E04D}"
EndProject
Project("{FAE04EC0-301F-11D3-BF4B-00C04F79EFBC}") = "Entities", "Entities\Entities.csproj", "{F83FD00F-AE3A-4448-A67D-E0024FCF60D5}"
EndProject
Project("{FAE04EC0-301F-11D3-BF4B-00C04F79EFBC}") = "DataAccess", "DataAccess\DataAccess.csproj", "{9B653D63-F97A-4CA5-8009-D297FFB7DFC9}"
EndProject
Project("{FAE04EC0-301F-11D3-BF4B-00C04F79EFBC}") = "UI", "UI\UI.csproj", "{F48351E6-FD4C-4D18-B2C6-092FDD0639BA}"
EndProject
Global
	GlobalSection(SolutionConfigurationPlatforms) = preSolution
		Debug|Any CPU = Debug|Any CPU
		Release|Any CPU = Release|Any CPU
	EndGlobalSection
	GlobalSection(ProjectConfigurationPlatforms) = postSolution
		{73853238-2425-40AB-BE07-064C6065E04D}.Debug|Any CPU.ActiveCfg = Debug|Any CPU
		{73853238-2425-40AB-BE07-064C6065E04D}.Debug|Any CPU.Build.0 = Debug|Any CPU
		{73853238-2425-40AB-BE07-064C6065E04D}.Release|Any CPU.ActiveCfg = Release|Any CPU
		{73853238-2425-40AB-BE07-064C6065E04D}.Release|Any CPU.Build.0 = Release|Any CPU
		{F83FD00F-AE3A-4448-A67D-E0024FCF60D5}.Debug|Any CPU.ActiveCfg = Debug|Any CPU
		{F83FD00F-AE3A-4448-A67D-E0024FCF60D5}.Debug|Any CPU.Build.0 = Debug|Any CPU
		{F83FD00F-AE3A-4448-A67D-E0024FCF60D5}.Release|Any CPU.ActiveCfg = Release|Any CPU
		{F83FD00F-AE3A-4448-A67D-E0024FCF60D5}.Release|Any CPU.Build.0 = Release|Any CPU
		{9B653D63-F97A-4CA5-8009-D297FFB7DFC9}.Debug|Any CPU.ActiveCfg = Debug|Any CPU
		{9B653D63-F97A-4CA5-8009-D297FFB7DFC9}.Debug|Any CPU.Build.0 = Debug|Any CPU
		{9B653D63-F97A-4CA5-8009-D297FFB7DFC9}.Release|Any CPU.ActiveCfg = Release|Any CPU
		{9B653D63-F97A-4CA5-8009-D297FFB7DFC9}.Release|Any CPU.Build.0 = Release|Any CPU
		{F48351E6-FD4C-4D18-B2C6-092FDD0639BA}.Debug|Any CPU.ActiveCfg = Debug|Any CPU
		{F48351E6-FD4C-4D18-B2C6-092FDD0639BA}.Debug|Any CPU.Build.0 = Debug|Any CPU
		{F48351E6-FD4C-4D18-B2C6-092FDD0639BA}.Release|Any CPU.ActiveCfg = Release|Any CPU
		{F48351E6-FD4C-4D18-B2C6-092FDD0639BA}.Release|Any CPU.Build.0 = Release|Any CPU
	EndGlobalSection
	GlobalSection(SolutionProperties) = preSolution
		HideSolutionNode = FALSE
	EndGlobalSection
	GlobalSection(ExtensibilityGlobals) = postSolution
		SolutionGuid = {B657F99B-B144-4D0C-A084-F323EE9764A0}
	EndGlobalSection
EndGlobal
